
Microsoft Visual Studio Solution File, Format Version 12.00
# Visual Studio Version 17
VisualStudioVersion = 17.0.32112.339
MinimumVisualStudioVersion = 10.0.40219.1
Project("{9A19103F-16F7-4668-BE54-9A1E7A4F7556}") = "Models", "Models\Models.csproj", "{5B4FB8D5-EFC2-4D81-8F7B-E08E2CCF2F77}"
EndProject
Project("{9A19103F-16F7-4668-BE54-9A1E7A4F7556}") = "Api", "Api\Api.csproj", "{A5A06730-79BF-4352-A1CC-0F2C60151794}"
EndProject
Project("{9A19103F-16F7-4668-BE54-9A1E7A4F7556}") = "Data", "Data\Data.csproj", "{6EF7DF1C-B2E4-4C00-B468-AAE963CD6505}"
EndProject
Project("{9A19103F-16F7-4668-BE54-9A1E7A4F7556}") = "AuthModels", "AuthModels\AuthModels.csproj", "{E69F3A97-02EA-4D62-A081-BCE1BFD939A1}"
EndProject
Project("{9A19103F-16F7-4668-BE54-9A1E7A4F7556}") = "Auth", "Auth\Auth.csproj", "{3182F889-1B11-4BB9-802F-5DD9392D9FD3}"
EndProject
Global
	GlobalSection(SolutionConfigurationPlatforms) = preSolution
		Debug|Any CPU = Debug|Any CPU
		Release|Any CPU = Release|Any CPU
	EndGlobalSection
	GlobalSection(ProjectConfigurationPlatforms) = postSolution
		{5B4FB8D5-EFC2-4D81-8F7B-E08E2CCF2F77}.Debug|Any CPU.ActiveCfg = Debug|Any CPU
		{5B4FB8D5-EFC2-4D81-8F7B-E08E2CCF2F77}.Debug|Any CPU.Build.0 = Debug|Any CPU
		{5B4FB8D5-EFC2-4D81-8F7B-E08E2CCF2F77}.Release|Any CPU.ActiveCfg = Release|Any CPU
		{5B4FB8D5-EFC2-4D81-8F7B-E08E2CCF2F77}.Release|Any CPU.Build.0 = Release|Any CPU
		{A5A06730-79BF-4352-A1CC-0F2C60151794}.Debug|Any CPU.ActiveCfg = Debug|Any CPU
		{A5A06730-79BF-4352-A1CC-0F2C60151794}.Debug|Any CPU.Build.0 = Debug|Any CPU
		{A5A06730-79BF-4352-A1CC-0F2C60151794}.Release|Any CPU.ActiveCfg = Release|Any CPU
		{A5A06730-79BF-4352-A1CC-0F2C60151794}.Release|Any CPU.Build.0 = Release|Any CPU
		{6EF7DF1C-B2E4-4C00-B468-AAE963CD6505}.Debug|Any CPU.ActiveCfg = Debug|Any CPU
		{6EF7DF1C-B2E4-4C00-B468-AAE963CD6505}.Debug|Any CPU.Build.0 = Debug|Any CPU
		{6EF7DF1C-B2E4-4C00-B468-AAE963CD6505}.Release|Any CPU.ActiveCfg = Release|Any CPU
		{6EF7DF1C-B2E4-4C00-B468-AAE963CD6505}.Release|Any CPU.Build.0 = Release|Any CPU
		{E69F3A97-02EA-4D62-A081-BCE1BFD939A1}.Debug|Any CPU.ActiveCfg = Debug|Any CPU
		{E69F3A97-02EA-4D62-A081-BCE1BFD939A1}.Debug|Any CPU.Build.0 = Debug|Any CPU
		{E69F3A97-02EA-4D62-A081-BCE1BFD939A1}.Release|Any CPU.ActiveCfg = Release|Any CPU
		{E69F3A97-02EA-4D62-A081-BCE1BFD939A1}.Release|Any CPU.Build.0 = Release|Any CPU
		{3182F889-1B11-4BB9-802F-5DD9392D9FD3}.Debug|Any CPU.ActiveCfg = Debug|Any CPU
		{3182F889-1B11-4BB9-802F-5DD9392D9FD3}.Debug|Any CPU.Build.0 = Debug|Any CPU
		{3182F889-1B11-4BB9-802F-5DD9392D9FD3}.Release|Any CPU.ActiveCfg = Release|Any CPU
		{3182F889-1B11-4BB9-802F-5DD9392D9FD3}.Release|Any CPU.Build.0 = Release|Any CPU
	EndGlobalSection
	GlobalSection(SolutionProperties) = preSolution
		HideSolutionNode = FALSE
	EndGlobalSection
	GlobalSection(ExtensibilityGlobals) = postSolution
		SolutionGuid = {CDCA7A19-68FD-4272-B542-08A8AE5E820A}
	EndGlobalSection
EndGlobal
